{
  "name": "loftschool-nodejs",
  "version": "1.0.0",
  "lockfileVersion": 1,
  "requires": true,
  "dependencies": {
    "dotenv": {
      "version": "8.2.0",
      "resolved": "https://registry.npmjs.org/dotenv/-/dotenv-8.2.0.tgz",
      "integrity": "sha512-8sJ78ElpbDJBHNeBzUbUVLsqKdccaa/BXF1uPTw3GrvQTBgrQrtObr2mUrE38vzYd8cEv+m/JBfDLioYcfXoaw=="
    },
    "eslint-config-standard": {
      "version": "14.1.0",
      "resolved": "https://registry.npmjs.org/eslint-config-standard/-/eslint-config-standard-14.1.0.tgz",
      "integrity": "sha512-EF6XkrrGVbvv8hL/kYa/m6vnvmUT+K82pJJc4JJVMM6+Qgqh0pnwprSxdduDLB9p/7bIxD+YV5O0wfb8lmcPbA=="
    }
  }
}
